// !$*UTF8*$!
{
	archiveVersion = 1;
	classes = {
	};
	objectVersion = 50;
	objects = {

/* Begin PBXBuildFile section */
		504F9B462147643500B1F33C /* EmojiNode.swift in Sources */ = {isa = PBXBuildFile; fileRef = 504F9B442147643500B1F33C /* EmojiNode.swift */; };
		504F9B472147643500B1F33C /* StringExtension.swift in Sources */ = {isa = PBXBuildFile; fileRef = 504F9B452147643500B1F33C /* StringExtension.swift */; };
		50EFC43D214648CB00A614AA /* AppDelegate.swift in Sources */ = {isa = PBXBuildFile; fileRef = 50EFC43C214648CB00A614AA /* AppDelegate.swift */; };
		50EFC43F214648CB00A614AA /* ViewController.swift in Sources */ = {isa = PBXBuildFile; fileRef = 50EFC43E214648CB00A614AA /* ViewController.swift */; };
		50EFC442214648CB00A614AA /* Main.storyboard in Resources */ = {isa = PBXBuildFile; fileRef = 50EFC440214648CB00A614AA /* Main.storyboard */; };
		50EFC444214648CD00A614AA /* Assets.xcassets in Resources */ = {isa = PBXBuildFile; fileRef = 50EFC443214648CD00A614AA /* Assets.xcassets */; };
		50EFC447214648CD00A614AA /* LaunchScreen.storyboard in Resources */ = {isa = PBXBuildFile; fileRef = 50EFC445214648CD00A614AA /* LaunchScreen.storyboard */; };
/* End PBXBuildFile section */

/* Begin PBXFileReference section */
		504F9B442147643500B1F33C /* EmojiNode.swift */ = {isa = PBXFileReference; fileEncoding = 4; lastKnownFileType = sourcecode.swift; path = EmojiNode.swift; sourceTree = "<group>"; };
		504F9B452147643500B1F33C /* StringExtension.swift */ = {isa = PBXFileReference; fileEncoding = 4; lastKnownFileType = sourcecode.swift; path = StringExtension.swift; sourceTree = "<group>"; };
		50EFC439214648CB00A614AA /* AR Face Tracking.app */ = {isa = PBXFileReference; explicitFileType = wrapper.application; includeInIndex = 0; path = "AR Face Tracking.app"; sourceTree = BUILT_PRODUCTS_DIR; };
		50EFC43C214648CB00A614AA /* AppDelegate.swift */ = {isa = PBXFileReference; lastKnownFileType = sourcecode.swift; path = AppDelegate.swift; sourceTree = "<group>"; };
		50EFC43E214648CB00A614AA /* ViewController.swift */ = {isa = PBXFileReference; lastKnownFileType = sourcecode.swift; path = ViewController.swift; sourceTree = "<group>"; };
		50EFC441214648CB00A614AA /* Base */ = {isa = PBXFileReference; lastKnownFileType = file.storyboard; name = Base; path = Base.lproj/Main.storyboard; sourceTree = "<group>"; };
		50EFC443214648CD00A614AA /* Assets.xcassets */ = {isa = PBXFileReference; lastKnownFileType = folder.assetcatalog; path = Assets.xcassets; sourceTree = "<group>"; };
		50EFC446214648CD00A614AA /* Base */ = {isa = PBXFileReference; lastKnownFileType = file.storyboard; name = Base; path = Base.lproj/LaunchScreen.storyboard; sourceTree = "<group>"; };
		50EFC448214648CD00A614AA /* Info.plist */ = {isa = PBXFileReference; lastKnownFileType = text.plist.xml; path = Info.plist; sourceTree = "<group>"; };
/* End PBXFileReference section */

/* Begin PBXFrameworksBuildPhase section */
		50EFC436214648CB00A614AA /* Frameworks */ = {
			isa = PBXFrameworksBuildPhase;
			buildActionMask = 2147483647;
			files = (
			);
			runOnlyForDeploymentPostprocessing = 0;
		};
/* End PBXFrameworksBuildPhase section */

/* Begin PBXGroup section */
		504F9B432147643500B1F33C /* SuperUsefulCode */ = {
			isa = PBXGroup;
			children = (
				504F9B442147643500B1F33C /* EmojiNode.swift */,
				504F9B452147643500B1F33C /* StringExtension.swift */,
			);
			path = SuperUsefulCode;
			sourceTree = "<group>";
		};
		50EFC430214648CB00A614AA = {
			isa = PBXGroup;
			children = (
				50EFC43B214648CB00A614AA /* AR Face Tracking */,
				50EFC43A214648CB00A614AA /* Products */,
			);
			sourceTree = "<group>";
		};
		50EFC43A214648CB00A614AA /* Products */ = {
			isa = PBXGroup;
			children = (
				50EFC439214648CB00A614AA /* AR Face Tracking.app */,
			);
			name = Products;
			sourceTree = "<group>";
		};
		50EFC43B214648CB00A614AA /* AR Face Tracking */ = {
			isa = PBXGroup;
			children = (
				50EFC43C214648CB00A614AA /* AppDelegate.swift */,
				50EFC43E214648CB00A614AA /* ViewController.swift */,
				50EFC440214648CB00A614AA /* Main.storyboard */,
				50EFC443214648CD00A614AA /* Assets.xcassets */,
				50EFC445214648CD00A614AA /* LaunchScreen.storyboard */,
				50EFC448214648CD00A614AA /* Info.plist */,
				504F9B432147643500B1F33C /* SuperUsefulCode */,
			);
			path = "AR Face Tracking";
			sourceTree = "<group>";
		};
/* End PBXGroup section */

/* Begin PBXNativeTarget section */
		50EFC438214648CB00A614AA /* AR Face Tracking */ = {
			isa = PBXNativeTarget;
			buildConfigurationList = 50EFC44B214648CD00A614AA /* Build configuration list for PBXNativeTarget "AR Face Tracking" */;
			buildPhases = (
				50EFC435214648CB00A614AA /* Sources */,
				50EFC436214648CB00A614AA /* Frameworks */,
				50EFC437214648CB00A614AA /* Resources */,
			);
			buildRules = (
			);
			dependencies = (
			);
			name = "AR Face Tracking";
			productName = "AR Face Tracking";
			productReference = 50EFC439214648CB00A614AA /* AR Face Tracking.app */;
			productType = "com.apple.product-type.application";
		};
/* End PBXNativeTarget section */

/* Begin PBXProject section */
		50EFC431214648CB00A614AA /* Project object */ = {
			isa = PBXProject;
			attributes = {
				LastSwiftUpdateCheck = 1000;
				LastUpgradeCheck = 1000;
				ORGANIZATIONNAME = "Vigneshraj Sekar Babu";
				TargetAttributes = {
					50EFC438214648CB00A614AA = {
						CreatedOnToolsVersion = 10.0;
					};
				};
			};
			buildConfigurationList = 50EFC434214648CB00A614AA /* Build configuration list for PBXProject "AR Face Tracking" */;
			compatibilityVersion = "Xcode 9.3";
			developmentRegion = en;
			hasScannedForEncodings = 0;
			knownRegions = (
				en,
				Base,
			);
			mainGroup = 50EFC430214648CB00A614AA;
			productRefGroup = 50EFC43A214648CB00A614AA /* Products */;
			projectDirPath = "";
			projectRoot = "";
			targets = (
				50EFC438214648CB00A614AA /* AR Face Tracking */,
			);
		};
/* End PBXProject section */

/* Begin PBXResourcesBuildPhase section */
		50EFC437214648CB00A614AA /* Resources */ = {
			isa = PBXResourcesBuildPhase;
			buildActionMask = 2147483647;
			files = (
				50EFC447214648CD00A614AA /* LaunchScreen.storyboard in Resources */,
				50EFC444214648CD00A614AA /* Assets.xcassets in Resources */,
				50EFC442214648CB00A614AA /* Main.storyboard in Resources */,
			);
			runOnlyForDeploymentPostprocessing = 0;
		};
/* End PBXResourcesBuildPhase section */

/* Begin PBXSourcesBuildPhase section */
		50EFC435214648CB00A614AA /* Sources */ = {
			isa = PBXSourcesBuildPhase;
			buildActionMask = 2147483647;
			files = (
				504F9B472147643500B1F33C /* StringExtension.swift in Sources */,
				50EFC43F214648CB00A614AA /* ViewController.swift in Sources */,
				504F9B462147643500B1F33C /* EmojiNode.swift in Sources */,
				50EFC43D214648CB00A614AA /* AppDelegate.swift in Sources */,
			);
			runOnlyForDeploymentPostprocessing = 0;
		};
/* End PBXSourcesBuildPhase section */

/* Begin PBXVariantGroup section */
		50EFC440214648CB00A614AA /* Main.storyboard */ = {
			isa = PBXVariantGroup;
			children = (
				50EFC441214648CB00A614AA /* Base */,
			);
			name = Main.storyboard;
			sourceTree = "<group>";
		};
		50EFC445214648CD00A614AA /* LaunchScreen.storyboard */ = {
			isa = PBXVariantGroup;
			children = (
				50EFC446214648CD00A614AA /* Base */,
			);
			name = LaunchScreen.storyboard;
			sourceTree = "<group>";
		};
/* End PBXVariantGroup section */

/* Begin XCBuildConfiguration section */
		50EFC449214648CD00A614AA /* Debug */ = {
			isa = XCBuildConfiguration;
			buildSettings = {
				ALWAYS_SEARCH_USER_PATHS = NO;
				CLANG_ANALYZER_NONNULL = YES;
				CLANG_ANALYZER_NUMBER_OBJECT_CONVERSION = YES_AGGRESSIVE;
				CLANG_CXX_LANGUAGE_STANDARD = "gnu++14";
				CLANG_CXX_LIBRARY = "libc++";
				CLANG_ENABLE_MODULES = YES;
				CLANG_ENABLE_OBJC_ARC = YES;
				CLANG_ENABLE_OBJC_WEAK = YES;
				CLANG_WARN_BLOCK_CAPTURE_AUTORELEASING = YES;
				CLANG_WARN_BOOL_CONVERSION = YES;
				CLANG_WARN_COMMA = YES;
				CLANG_WARN_CONSTANT_CONVERSION = YES;
				CLANG_WARN_DEPRECATED_OBJC_IMPLEMENTATIONS = YES;
				CLANG_WARN_DIRECT_OBJC_ISA_USAGE = YES_ERROR;
				CLANG_WARN_DOCUMENTATION_COMMENTS = YES;
				CLANG_WARN_EMPTY_BODY = YES;
				CLANG_WARN_ENUM_CONVERSION = YES;
				CLANG_WARN_INFINITE_RECURSION = YES;
				CLANG_WARN_INT_CONVERSION = YES;
				CLANG_WARN_NON_LITERAL_NULL_CONVERSION = YES;
				CLANG_WARN_OBJC_IMPLICIT_RETAIN_SELF = YES;
				CLANG_WARN_OBJC_LITERAL_CONVERSION = YES;
				CLANG_WARN_OBJC_ROOT_CLASS = YES_ERROR;
				CLANG_WARN_RANGE_LOOP_ANALYSIS = YES;
				CLANG_WARN_STRICT_PROTOTYPES = YES;
				CLANG_WARN_SUSPICIOUS_MOVE = YES;
				CLANG_WARN_UNGUARDED_AVAILABILITY = YES_AGGRESSIVE;
				CLANG_WARN_UNREACHABLE_CODE = YES;
				CLANG_WARN__DUPLICATE_METHOD_MATCH = YES;
				CODE_SIGN_IDENTITY = "iPhone Developer";
				COPY_PHASE_STRIP = NO;
				DEBUG_INFORMATION_FORMAT = dwarf;
				ENABLE_STRICT_OBJC_MSGSEND = YES;
				ENABLE_TESTABILITY = YES;
				GCC_C_LANGUAGE_STANDARD = gnu11;
				GCC_DYNAMIC_NO_PIC = NO;
				GCC_NO_COMMON_BLOCKS = YES;
				GCC_OPTIMIZATION_LEVEL = 0;
				GCC_PREPROCESSOR_DEFINITIONS = (
					"DEBUG=1",
					"$(inherited)",
				);
				GCC_WARN_64_TO_32_BIT_CONVERSION = YES;
				GCC_WARN_ABOUT_RETURN_TYPE = YES_ERROR;
				GCC_WARN_UNDECLARED_SELECTOR = YES;
				GCC_WARN_UNINITIALIZED_AUTOS = YES_AGGRESSIVE;
				GCC_WARN_UNUSED_FUNCTION = YES;
				GCC_WARN_UNUSED_VARIABLE = YES;
				IPHONEOS_DEPLOYMENT_TARGET = 12.0;
				MTL_ENABLE_DEBUG_INFO = INCLUDE_SOURCE;
				ONLY_ACTIVE_ARCH = YES;
				SDKROOT = iphoneos;
				SWIFT_ACTIVE_COMPILATION_CONDITIONS = DEBUG;
				SWIFT_OPTIMIZATION_LEVEL = "-Onone";
			};
			name = Debug;
		};
		50EFC44A214648CD00A614AA /* Release */ = {
			isa = XCBuildConfiguration;
			buildSettings = {
				ALWAYS_SEARCH_USER_PATHS = NO;
				CLANG_ANALYZER_NONNULL = YES;
				CLANG_ANALYZER_NUMBER_OBJECT_CONVERSION = YES_AGGRESSIVE;
				CLANG_CXX_LANGUAGE_STANDARD = "gnu++14";
				CLANG_CXX_LIBRARY = "libc++";
				CLANG_ENABLE_MODULES = YES;
				CLANG_ENABLE_OBJC_ARC = YES;
				CLANG_ENABLE_OBJC_WEAK = YES;
				CLANG_WARN_BLOCK_CAPTURE_AUTORELEASING = YES;
				CLANG_WARN_BOOL_CONVERSION = YES;
				CLANG_WARN_COMMA = YES;
				CLANG_WARN_CONSTANT_CONVERSION = YES;
				CLANG_WARN_DEPRECATED_OBJC_IMPLEMENTATIONS = YES;
				CLANG_WARN_DIRECT_OBJC_ISA_USAGE = YES_ERROR;
				CLANG_WARN_DOCUMENTATION_COMMENTS = YES;
				CLANG_WARN_EMPTY_BODY = YES;
				CLANG_WARN_ENUM_CONVERSION = YES;
				CLANG_WARN_INFINITE_RECURSION = YES;
				CLANG_WARN_INT_CONVERSION = YES;
				CLANG_WARN_NON_LITERAL_NULL_CONVERSION = YES;
				CLANG_WARN_OBJC_IMPLICIT_RETAIN_SELF = YES;
				CLANG_WARN_OBJC_LITERAL_CONVERSION = YES;
				CLANG_WARN_OBJC_ROOT_CLASS = YES_ERROR;
				CLANG_WARN_RANGE_LOOP_ANALYSIS = YES;
				CLANG_WARN_STRICT_PROTOTYPES = YES;
				CLANG_WARN_SUSPICIOUS_MOVE = YES;
				CLANG_WARN_UNGUARDED_AVAILABILITY = YES_AGGRESSIVE;
				CLANG_WARN_UNREACHABLE_CODE = YES;
				CLANG_WARN__DUPLICATE_METHOD_MATCH = YES;
				CODE_SIGN_IDENTITY = "iPhone Developer";
				COPY_PHASE_STRIP = NO;
				DEBUG_INFORMATION_FORMAT = "dwarf-with-dsym";
				ENABLE_NS_ASSERTIONS = NO;
				ENABLE_STRICT_OBJC_MSGSEND = YES;
				GCC_C_LANGUAGE_STANDARD = gnu11;
				GCC_NO_COMMON_BLOCKS = YES;
				GCC_WARN_64_TO_32_BIT_CONVERSION = YES;
				GCC_WARN_ABOUT_RETURN_TYPE = YES_ERROR;
				GCC_WARN_UNDECLARED_SELECTOR = YES;
				GCC_WARN_UNINITIALIZED_AUTOS = YES_AGGRESSIVE;
				GCC_WARN_UNUSED_FUNCTION = YES;
				GCC_WARN_UNUSED_VARIABLE = YES;
				IPHONEOS_DEPLOYMENT_TARGET = 12.0;
				MTL_ENABLE_DEBUG_INFO = NO;
				SDKROOT = iphoneos;
				SWIFT_COMPILATION_MODE = wholemodule;
				SWIFT_OPTIMIZATION_LEVEL = "-O";
				VALIDATE_PRODUCT = YES;
			};
			name = Release;
		};
		50EFC44C214648CD00A614AA /* Debug */ = {
			isa = XCBuildConfiguration;
			buildSettings = {
				ASSETCATALOG_COMPILER_APPICON_NAME = AppIcon;
				CODE_SIGN_STYLE = Automatic;
				DEVELOPMENT_TEAM = 9RL4386D4Z;
				INFOPLIST_FILE = "AR Face Tracking/Info.plist";
				LD_RUNPATH_SEARCH_PATHS = (
					"$(inherited)",
					"@executable_path/Frameworks",
				);
				PRODUCT_BUNDLE_IDENTIFIER = "com.VigneshrajSekarBabu.AR-Face-Tracking";
				PRODUCT_NAME = "$(TARGET_NAME)";
				SWIFT_VERSION = 4.2;
				TARGETED_DEVICE_FAMILY = "1,2";
			};
			name = Debug;
		};
		50EFC44D214648CD00A614AA /* Release */ = {
			isa = XCBuildConfiguration;
			buildSettings = {
				ASSETCATALOG_COMPILER_APPICON_NAME = AppIcon;
				CODE_SIGN_STYLE = Automatic;
				DEVELOPMENT_TEAM = 9RL4386D4Z;
				INFOPLIST_FILE = "AR Face Tracking/Info.plist";
				LD_RUNPATH_SEARCH_PATHS = (
					"$(inherited)",
					"@executable_path/Frameworks",
				);
				PRODUCT_BUNDLE_IDENTIFIER = "com.VigneshrajSekarBabu.AR-Face-Tracking";
				PRODUCT_NAME = "$(TARGET_NAME)";
				SWIFT_VERSION = 4.2;
				TARGETED_DEVICE_FAMILY = "1,2";
			};
			name = Release;
		};
/* End XCBuildConfiguration section */

/* Begin XCConfigurationList section */
		50EFC434214648CB00A614AA /* Build configuration list for PBXProject "AR Face Tracking" */ = {
			isa = XCConfigurationList;
			buildConfigurations = (
				50EFC449214648CD00A614AA /* Debug */,
				50EFC44A214648CD00A614AA /* Release */,
			);
			defaultConfigurationIsVisible = 0;
			defaultConfigurationName = Release;
		};
		50EFC44B214648CD00A614AA /* Build configuration list for PBXNativeTarget "AR Face Tracking" */ = {
			isa = XCConfigurationList;
			buildConfigurations = (
				50EFC44C214648CD00A614AA /* Debug */,
				50EFC44D214648CD00A614AA /* Release */,
			);
			defaultConfigurationIsVisible = 0;
			defaultConfigurationName = Release;
		};
/* End XCConfigurationList section */
	};
	rootObject = 50EFC431214648CB00A614AA /* Project object */;
}
